
Microsoft Visual Studio Solution File, Format Version 12.00
# Visual Studio Version 16
VisualStudioVersion = 16.0.30128.74
MinimumVisualStudioVersion = 10.0.40219.1
Project("{FAE04EC0-301F-11D3-BF4B-00C04F79EFBC}") = "HelloWorldCore", "HelloWorldCore.csproj", "{E285DC76-FFD3-4EC4-96F6-2316066A535B}"
EndProject
Project("{FAE04EC0-301F-11D3-BF4B-00C04F79EFBC}") = "HelloWorldTest", "..\HelloWorldTest\HelloWorldTest.csproj", "{8D0C84A6-6E0E-49D0-A788-F708FA4FB00D}"
EndProject
Global
	GlobalSection(SolutionConfigurationPlatforms) = preSolution
		Debug|Any CPU = Debug|Any CPU
		Release|Any CPU = Release|Any CPU
	EndGlobalSection
	GlobalSection(ProjectConfigurationPlatforms) = postSolution
		{E285DC76-FFD3-4EC4-96F6-2316066A535B}.Debug|Any CPU.ActiveCfg = Debug|Any CPU
		{E285DC76-FFD3-4EC4-96F6-2316066A535B}.Debug|Any CPU.Build.0 = Debug|Any CPU
		{E285DC76-FFD3-4EC4-96F6-2316066A535B}.Release|Any CPU.ActiveCfg = Release|Any CPU
		{E285DC76-FFD3-4EC4-96F6-2316066A535B}.Release|Any CPU.Build.0 = Release|Any CPU
		{8D0C84A6-6E0E-49D0-A788-F708FA4FB00D}.Debug|Any CPU.ActiveCfg = Debug|Any CPU
		{8D0C84A6-6E0E-49D0-A788-F708FA4FB00D}.Debug|Any CPU.Build.0 = Debug|Any CPU
		{8D0C84A6-6E0E-49D0-A788-F708FA4FB00D}.Release|Any CPU.ActiveCfg = Release|Any CPU
		{8D0C84A6-6E0E-49D0-A788-F708FA4FB00D}.Release|Any CPU.Build.0 = Release|Any CPU
	EndGlobalSection
	GlobalSection(SolutionProperties) = preSolution
		HideSolutionNode = FALSE
	EndGlobalSection
	GlobalSection(ExtensibilityGlobals) = postSolution
		SolutionGuid = {ACA41995-7635-457B-ABF3-8360AC14AF5C}
	EndGlobalSection
EndGlobal
