
Microsoft Visual Studio Solution File, Format Version 12.00
# Visual Studio Version 16
VisualStudioVersion = 16.0.31729.503
MinimumVisualStudioVersion = 10.0.40219.1
Project("{9A19103F-16F7-4668-BE54-9A1E7A4F7556}") = "WebApp", "WebApp\WebApp.csproj", "{99BA8C4F-F374-4C77-B1AB-C0B2A6A27097}"
EndProject
Global
	GlobalSection(SolutionConfigurationPlatforms) = preSolution
		Debug|Any CPU = Debug|Any CPU
		Release|Any CPU = Release|Any CPU
	EndGlobalSection
	GlobalSection(ProjectConfigurationPlatforms) = postSolution
		{99BA8C4F-F374-4C77-B1AB-C0B2A6A27097}.Debug|Any CPU.ActiveCfg = Debug|Any CPU
		{99BA8C4F-F374-4C77-B1AB-C0B2A6A27097}.Debug|Any CPU.Build.0 = Debug|Any CPU
		{99BA8C4F-F374-4C77-B1AB-C0B2A6A27097}.Release|Any CPU.ActiveCfg = Release|Any CPU
		{99BA8C4F-F374-4C77-B1AB-C0B2A6A27097}.Release|Any CPU.Build.0 = Release|Any CPU
	EndGlobalSection
	GlobalSection(SolutionProperties) = preSolution
		HideSolutionNode = FALSE
	EndGlobalSection
	GlobalSection(ExtensibilityGlobals) = postSolution
		SolutionGuid = {598989ED-ED8F-40F2-B503-B10CF3A6D6FC}
	EndGlobalSection
EndGlobal
