
Microsoft Visual Studio Solution File, Format Version 12.00
# Visual Studio Version 17
VisualStudioVersion = 17.7.34009.444
MinimumVisualStudioVersion = 10.0.40219.1
Project("{FAE04EC0-301F-11D3-BF4B-00C04F79EFBC}") = "MultiTenancy", "MultiTenancy.csproj", "{B7BCBE5E-1B6D-485F-969B-47D4DF8A53BB}"
EndProject
Global
	GlobalSection(SolutionConfigurationPlatforms) = preSolution
		Debug|Any CPU = Debug|Any CPU
		Release|Any CPU = Release|Any CPU
	EndGlobalSection
	GlobalSection(ProjectConfigurationPlatforms) = postSolution
		{B7BCBE5E-1B6D-485F-969B-47D4DF8A53BB}.Debug|Any CPU.ActiveCfg = Debug|Any CPU
		{B7BCBE5E-1B6D-485F-969B-47D4DF8A53BB}.Debug|Any CPU.Build.0 = Debug|Any CPU
		{B7BCBE5E-1B6D-485F-969B-47D4DF8A53BB}.Release|Any CPU.ActiveCfg = Release|Any CPU
		{B7BCBE5E-1B6D-485F-969B-47D4DF8A53BB}.Release|Any CPU.Build.0 = Release|Any CPU
	EndGlobalSection
	GlobalSection(SolutionProperties) = preSolution
		HideSolutionNode = FALSE
	EndGlobalSection
	GlobalSection(ExtensibilityGlobals) = postSolution
		SolutionGuid = {7D3B2461-BA7B-4B4D-8829-86A519E18571}
	EndGlobalSection
EndGlobal
