
Microsoft Visual Studio Solution File, Format Version 12.00
# Visual Studio Version 16
VisualStudioVersion = 16.0.31515.178
MinimumVisualStudioVersion = 10.0.40219.1
Project("{9A19103F-16F7-4668-BE54-9A1E7A4F7556}") = "MinimalApi", "MinimalApi.csproj", "{06709A04-B851-478F-B256-38577441EFEA}"
EndProject
Project("{9A19103F-16F7-4668-BE54-9A1E7A4F7556}") = "FrontMinimalApi", "..\FrontMinimalApi\FrontMinimalApi.csproj", "{BEB43F74-1531-423F-94F6-0CB12197D762}"
EndProject
Global
	GlobalSection(SolutionConfigurationPlatforms) = preSolution
		Debug|Any CPU = Debug|Any CPU
		Release|Any CPU = Release|Any CPU
	EndGlobalSection
	GlobalSection(ProjectConfigurationPlatforms) = postSolution
		{06709A04-B851-478F-B256-38577441EFEA}.Debug|Any CPU.ActiveCfg = Debug|Any CPU
		{06709A04-B851-478F-B256-38577441EFEA}.Debug|Any CPU.Build.0 = Debug|Any CPU
		{06709A04-B851-478F-B256-38577441EFEA}.Release|Any CPU.ActiveCfg = Release|Any CPU
		{06709A04-B851-478F-B256-38577441EFEA}.Release|Any CPU.Build.0 = Release|Any CPU
		{BEB43F74-1531-423F-94F6-0CB12197D762}.Debug|Any CPU.ActiveCfg = Debug|Any CPU
		{BEB43F74-1531-423F-94F6-0CB12197D762}.Debug|Any CPU.Build.0 = Debug|Any CPU
		{BEB43F74-1531-423F-94F6-0CB12197D762}.Release|Any CPU.ActiveCfg = Release|Any CPU
		{BEB43F74-1531-423F-94F6-0CB12197D762}.Release|Any CPU.Build.0 = Release|Any CPU
	EndGlobalSection
	GlobalSection(SolutionProperties) = preSolution
		HideSolutionNode = FALSE
	EndGlobalSection
	GlobalSection(ExtensibilityGlobals) = postSolution
		SolutionGuid = {225DA6FE-FFA6-4243-AA59-7EEDF2B89EC8}
	EndGlobalSection
EndGlobal
