
Microsoft Visual Studio Solution File, Format Version 12.00
# Visual Studio Version 16
VisualStudioVersion = 16.0.31729.503
MinimumVisualStudioVersion = 10.0.40219.1
Project("{9A19103F-16F7-4668-BE54-9A1E7A4F7556}") = "az204-blob", "az204-blob.csproj", "{26F9C34C-2ADD-46AD-8D95-87C4F949432D}"
EndProject
Global
	GlobalSection(SolutionConfigurationPlatforms) = preSolution
		Debug|Any CPU = Debug|Any CPU
		Release|Any CPU = Release|Any CPU
	EndGlobalSection
	GlobalSection(ProjectConfigurationPlatforms) = postSolution
		{26F9C34C-2ADD-46AD-8D95-87C4F949432D}.Debug|Any CPU.ActiveCfg = Debug|Any CPU
		{26F9C34C-2ADD-46AD-8D95-87C4F949432D}.Debug|Any CPU.Build.0 = Debug|Any CPU
		{26F9C34C-2ADD-46AD-8D95-87C4F949432D}.Release|Any CPU.ActiveCfg = Release|Any CPU
		{26F9C34C-2ADD-46AD-8D95-87C4F949432D}.Release|Any CPU.Build.0 = Release|Any CPU
	EndGlobalSection
	GlobalSection(SolutionProperties) = preSolution
		HideSolutionNode = FALSE
	EndGlobalSection
	GlobalSection(ExtensibilityGlobals) = postSolution
		SolutionGuid = {DC13BCD3-9B31-4710-897F-8593B7AB7E42}
	EndGlobalSection
EndGlobal
