
Microsoft Visual Studio Solution File, Format Version 12.00
# Visual Studio Version 17
VisualStudioVersion = 17.8.34219.65
MinimumVisualStudioVersion = 10.0.40219.1
Project("{9A19103F-16F7-4668-BE54-9A1E7A4F7556}") = "BlazorCrudDotNet8", "BlazorCrudDotNet8\BlazorCrudDotNet8.csproj", "{1EA8DCD4-61D9-48EF-9BC3-AA24636922BA}"
EndProject
Project("{9A19103F-16F7-4668-BE54-9A1E7A4F7556}") = "BlazorCrudDotNet8.Client", "BlazorCrudDotNet8.Client\BlazorCrudDotNet8.Client.csproj", "{1ED8D59B-4004-44BF-81FD-12FED72AAC12}"
EndProject
Project("{FAE04EC0-301F-11D3-BF4B-00C04F79EFBC}") = "BlazorCrudDotNet8.Shared", "BlazorCrudDotNet.Shared\BlazorCrudDotNet8.Shared.csproj", "{752581ED-7D9D-4929-99E8-190193A7B2C9}"
EndProject
Global
	GlobalSection(SolutionConfigurationPlatforms) = preSolution
		Debug|Any CPU = Debug|Any CPU
		Release|Any CPU = Release|Any CPU
	EndGlobalSection
	GlobalSection(ProjectConfigurationPlatforms) = postSolution
		{1EA8DCD4-61D9-48EF-9BC3-AA24636922BA}.Debug|Any CPU.ActiveCfg = Debug|Any CPU
		{1EA8DCD4-61D9-48EF-9BC3-AA24636922BA}.Debug|Any CPU.Build.0 = Debug|Any CPU
		{1EA8DCD4-61D9-48EF-9BC3-AA24636922BA}.Release|Any CPU.ActiveCfg = Release|Any CPU
		{1EA8DCD4-61D9-48EF-9BC3-AA24636922BA}.Release|Any CPU.Build.0 = Release|Any CPU
		{1ED8D59B-4004-44BF-81FD-12FED72AAC12}.Debug|Any CPU.ActiveCfg = Debug|Any CPU
		{1ED8D59B-4004-44BF-81FD-12FED72AAC12}.Debug|Any CPU.Build.0 = Debug|Any CPU
		{1ED8D59B-4004-44BF-81FD-12FED72AAC12}.Release|Any CPU.ActiveCfg = Release|Any CPU
		{1ED8D59B-4004-44BF-81FD-12FED72AAC12}.Release|Any CPU.Build.0 = Release|Any CPU
		{752581ED-7D9D-4929-99E8-190193A7B2C9}.Debug|Any CPU.ActiveCfg = Debug|Any CPU
		{752581ED-7D9D-4929-99E8-190193A7B2C9}.Debug|Any CPU.Build.0 = Debug|Any CPU
		{752581ED-7D9D-4929-99E8-190193A7B2C9}.Release|Any CPU.ActiveCfg = Release|Any CPU
		{752581ED-7D9D-4929-99E8-190193A7B2C9}.Release|Any CPU.Build.0 = Release|Any CPU
	EndGlobalSection
	GlobalSection(SolutionProperties) = preSolution
		HideSolutionNode = FALSE
	EndGlobalSection
	GlobalSection(ExtensibilityGlobals) = postSolution
		SolutionGuid = {E3AAC6DC-F1A0-47A1-9437-D4352A9221F3}
	EndGlobalSection
EndGlobal
