{
  "name": "framework-spa",
  "version": "1.0.0",
  "lockfileVersion": 1,
  "requires": true,
  "dependencies": {
    "angular": {
      "version": "1.3.8",
      "resolved": "https://registry.npmjs.org/angular/-/angular-1.3.8.tgz",
      "integrity": "sha1-z+2Sp4FzWF4ohVNb8Pxah79up8c="
    },
    "angular-animate": {
      "version": "1.3.8",
      "resolved": "https://registry.npmjs.org/angular-animate/-/angular-animate-1.3.8.tgz",
      "integrity": "sha1-OostgnN4Vl/A6IffIpjBhsr9wE8="
    },
    "angular-gridster": {
      "version": "0.13.14",
      "resolved": "https://registry.npmjs.org/angular-gridster/-/angular-gridster-0.13.14.tgz",
      "integrity": "sha1-er6/Y9fJ++xFOLnMpFfg2oBdQgQ="
    },
    "angular-route": {
      "version": "1.3.8",
      "resolved": "https://registry.npmjs.org/angular-route/-/angular-route-1.3.8.tgz",
      "integrity": "sha1-3pf0JQ4KoCksNrrcik8bMYJBtD0="
    },
    "angular-ui-bootstrap": {
      "version": "0.12.1",
      "resolved": "https://registry.npmjs.org/angular-ui-bootstrap/-/angular-ui-bootstrap-0.12.1.tgz",
      "integrity": "sha1-z1XETnhulc6y9ZK0s56UAIdvg9k=",
      "requires": {
        "angular": ">=1 <1.3.0"
      },
      "dependencies": {
        "angular": {
          "version": "1.2.32",
          "resolved": "https://registry.npmjs.org/angular/-/angular-1.2.32.tgz",
          "integrity": "sha1-31JiWlFnkZkxQY3aOpIIufX6PbQ="
        }
      }
    },
    "bootstrap": {
      "version": "3.3.1",
      "resolved": "https://registry.npmjs.org/bootstrap/-/bootstrap-3.3.1.tgz",
      "integrity": "sha1-Q6QIzSSFn9voduPTerKHbTHiVqI="
    },
    "font-awesome": {
      "version": "4.2.0",
      "resolved": "https://registry.npmjs.org/font-awesome/-/font-awesome-4.2.0.tgz",
      "integrity": "sha1-RzOKGgF9pr75XOLhsOF2go/Yreo="
    },
    "jquery": {
      "version": "2.1.3",
      "resolved": "https://registry.npmjs.org/jquery/-/jquery-2.1.3.tgz",
      "integrity": "sha1-bsVSBGc9UF05Qyxb9c+tEOHbrS4="
    },
    "ngstorage": {
      "version": "0.3.3",
      "resolved": "https://registry.npmjs.org/ngstorage/-/ngstorage-0.3.3.tgz",
      "integrity": "sha1-Ouh6N+JFG7x9ogNwEfCLMhJq2vQ="
    }
  }
}
