{
  "name": "framework-spa",
  "version": "1.0.0",
  "lockfileVersion": 3,
  "requires": true,
  "packages": {
    "": {
      "version": "1.0.0",
      "license": "ISC",
      "dependencies": {
        "angular": "^1.3.8",
        "angular-animate": "^1.3.8",
        "angular-gridster": "^0.13.14",
        "angular-route": "^1.3.8",
        "angular-ui-bootstrap": "^0.12.1",
        "bootstrap": "^5.0.0",
        "font-awesome": "^4.2.0",
        "jquery": "^3.5.0",
        "ngstorage": "^0.3.3"
      }
    },
    "node_modules/angular": {
      "version": "1.3.8",
      "resolved": "https://registry.npmjs.org/angular/-/angular-1.3.8.tgz",
      "integrity": "sha1-z+2Sp4FzWF4ohVNb8Pxah79up8c=",
      "deprecated": "For the actively supported Angular, see https://www.npmjs.com/package/@angular/core. AngularJS support has officially ended. For extended AngularJS support options, see https://goo.gle/angularjs-path-forward."
    },
    "node_modules/angular-animate": {
      "version": "1.3.8",
      "resolved": "https://registry.npmjs.org/angular-animate/-/angular-animate-1.3.8.tgz",
      "integrity": "sha1-OostgnN4Vl/A6IffIpjBhsr9wE8=",
      "deprecated": "For the actively supported Angular, see https://www.npmjs.com/package/@angular/core. AngularJS support has officially ended. For extended AngularJS support options, see https://goo.gle/angularjs-path-forward."
    },
    "node_modules/angular-gridster": {
      "version": "0.13.14",
      "resolved": "https://registry.npmjs.org/angular-gridster/-/angular-gridster-0.13.14.tgz",
      "integrity": "sha1-er6/Y9fJ++xFOLnMpFfg2oBdQgQ=",
      "engines": {
        "node": ">=4.2.1"
      }
    },
    "node_modules/angular-route": {
      "version": "1.3.8",
      "resolved": "https://registry.npmjs.org/angular-route/-/angular-route-1.3.8.tgz",
      "integrity": "sha1-3pf0JQ4KoCksNrrcik8bMYJBtD0=",
      "deprecated": "For the actively supported Angular, see https://www.npmjs.com/package/@angular/core. AngularJS support has officially ended. For extended AngularJS support options, see https://goo.gle/angularjs-path-forward."
    },
    "node_modules/angular-ui-bootstrap": {
      "version": "0.12.1",
      "resolved": "https://registry.npmjs.org/angular-ui-bootstrap/-/angular-ui-bootstrap-0.12.1.tgz",
      "integrity": "sha1-z1XETnhulc6y9ZK0s56UAIdvg9k=",
      "dependencies": {
        "angular": ">=1 <1.3.0"
      }
    },
    "node_modules/angular-ui-bootstrap/node_modules/angular": {
      "version": "1.2.32",
      "resolved": "https://registry.npmjs.org/angular/-/angular-1.2.32.tgz",
      "integrity": "sha1-31JiWlFnkZkxQY3aOpIIufX6PbQ=",
      "deprecated": "For the actively supported Angular, see https://www.npmjs.com/package/@angular/core. AngularJS support has officially ended. For extended AngularJS support options, see https://goo.gle/angularjs-path-forward."
    },
    "node_modules/bootstrap": {
      "version": "5.0.0",
      "resolved": "https://registry.npmjs.org/bootstrap/-/bootstrap-5.0.0.tgz",
      "integrity": "sha512-tmhPET9B9qCl8dCofvHeiIhi49iBt0EehmIsziZib65k1erBW1rHhj2s/2JsuQh5Pq+xz2E9bEbzp9B7xHG+VA==",
      "funding": {
        "type": "opencollective",
        "url": "https://opencollective.com/bootstrap"
      },
      "peerDependencies": {
        "@popperjs/core": "^2.9.2"
      }
    },
    "node_modules/font-awesome": {
      "version": "4.2.0",
      "resolved": "https://registry.npmjs.org/font-awesome/-/font-awesome-4.2.0.tgz",
      "integrity": "sha1-RzOKGgF9pr75XOLhsOF2go/Yreo=",
      "engines": {
        "node": ">=0.10.3"
      }
    },
    "node_modules/jquery": {
      "version": "3.5.0",
      "resolved": "https://registry.npmjs.org/jquery/-/jquery-3.5.0.tgz",
      "integrity": "sha512-Xb7SVYMvygPxbFMpTFQiHh1J7HClEaThguL15N/Gg37Lri/qKyhRGZYzHRyLH8Stq3Aow0LsHO2O2ci86fCrNQ==",
      "license": "MIT"
    },
    "node_modules/ngstorage": {
      "version": "0.3.3",
      "resolved": "https://registry.npmjs.org/ngstorage/-/ngstorage-0.3.3.tgz",
      "integrity": "sha1-Ouh6N+JFG7x9ogNwEfCLMhJq2vQ="
    }
  }
}
