
Microsoft Visual Studio Solution File, Format Version 12.00
# Visual Studio Version 17
VisualStudioVersion = 17.0.31903.59
MinimumVisualStudioVersion = 10.0.40219.1
Project("{FAE04EC0-301F-11D3-BF4B-00C04F79EFBC}") = "CosmosDB", "CosmosDB\CosmosDB.csproj", "{FA6B8508-10BC-4E2C-B4FC-0D1AACA06B0F}"
EndProject
Global
	GlobalSection(SolutionConfigurationPlatforms) = preSolution
		Debug|Any CPU = Debug|Any CPU
		Release|Any CPU = Release|Any CPU
	EndGlobalSection
	GlobalSection(ProjectConfigurationPlatforms) = postSolution
		{FA6B8508-10BC-4E2C-B4FC-0D1AACA06B0F}.Debug|Any CPU.ActiveCfg = Debug|Any CPU
		{FA6B8508-10BC-4E2C-B4FC-0D1AACA06B0F}.Debug|Any CPU.Build.0 = Debug|Any CPU
		{FA6B8508-10BC-4E2C-B4FC-0D1AACA06B0F}.Release|Any CPU.ActiveCfg = Release|Any CPU
		{FA6B8508-10BC-4E2C-B4FC-0D1AACA06B0F}.Release|Any CPU.Build.0 = Release|Any CPU
	EndGlobalSection
	GlobalSection(SolutionProperties) = preSolution
		HideSolutionNode = FALSE
	EndGlobalSection
	GlobalSection(ExtensibilityGlobals) = postSolution
		SolutionGuid = {FD932DCC-5E32-401D-B450-9ADC1F125DB0}
	EndGlobalSection
EndGlobal
