
Microsoft Visual Studio Solution File, Format Version 12.00
# Visual Studio Version 17
VisualStudioVersion = 17.4.33205.214
MinimumVisualStudioVersion = 10.0.40219.1
Project("{FAE04EC0-301F-11D3-BF4B-00C04F79EFBC}") = "BlazorSyncfusionCmr.Server", "Server\BlazorSyncfusionCmr.Server.csproj", "{84E759F5-8A79-48AD-9B61-BA6C1117B981}"
EndProject
Project("{FAE04EC0-301F-11D3-BF4B-00C04F79EFBC}") = "BlazorSyncfusionCmr.Client", "Client\BlazorSyncfusionCmr.Client.csproj", "{3400297D-A7BA-4168-B281-5EB743DF2BF2}"
EndProject
Project("{FAE04EC0-301F-11D3-BF4B-00C04F79EFBC}") = "BlazorSyncfusionCmr.Shared", "Shared\BlazorSyncfusionCmr.Shared.csproj", "{8A125943-9492-4E10-9AFF-A708F031ABCA}"
EndProject
Global
	GlobalSection(SolutionConfigurationPlatforms) = preSolution
		Debug|Any CPU = Debug|Any CPU
		Release|Any CPU = Release|Any CPU
	EndGlobalSection
	GlobalSection(ProjectConfigurationPlatforms) = postSolution
		{84E759F5-8A79-48AD-9B61-BA6C1117B981}.Debug|Any CPU.ActiveCfg = Debug|Any CPU
		{84E759F5-8A79-48AD-9B61-BA6C1117B981}.Debug|Any CPU.Build.0 = Debug|Any CPU
		{84E759F5-8A79-48AD-9B61-BA6C1117B981}.Release|Any CPU.ActiveCfg = Release|Any CPU
		{84E759F5-8A79-48AD-9B61-BA6C1117B981}.Release|Any CPU.Build.0 = Release|Any CPU
		{3400297D-A7BA-4168-B281-5EB743DF2BF2}.Debug|Any CPU.ActiveCfg = Debug|Any CPU
		{3400297D-A7BA-4168-B281-5EB743DF2BF2}.Debug|Any CPU.Build.0 = Debug|Any CPU
		{3400297D-A7BA-4168-B281-5EB743DF2BF2}.Release|Any CPU.ActiveCfg = Release|Any CPU
		{3400297D-A7BA-4168-B281-5EB743DF2BF2}.Release|Any CPU.Build.0 = Release|Any CPU
		{8A125943-9492-4E10-9AFF-A708F031ABCA}.Debug|Any CPU.ActiveCfg = Debug|Any CPU
		{8A125943-9492-4E10-9AFF-A708F031ABCA}.Debug|Any CPU.Build.0 = Debug|Any CPU
		{8A125943-9492-4E10-9AFF-A708F031ABCA}.Release|Any CPU.ActiveCfg = Release|Any CPU
		{8A125943-9492-4E10-9AFF-A708F031ABCA}.Release|Any CPU.Build.0 = Release|Any CPU
	EndGlobalSection
	GlobalSection(SolutionProperties) = preSolution
		HideSolutionNode = FALSE
	EndGlobalSection
	GlobalSection(ExtensibilityGlobals) = postSolution
		SolutionGuid = {6671D560-68D2-4EA5-8F4B-3188542B61F3}
	EndGlobalSection
EndGlobal
