
Microsoft Visual Studio Solution File, Format Version 12.00
# Visual Studio Version 17
VisualStudioVersion = 17.0.31903.59
MinimumVisualStudioVersion = 10.0.40219.1
Project("{FAE04EC0-301F-11D3-BF4B-00C04F79EFBC}") = "AdvWorksAPI", "AdvWorksAPI.csproj", "{09A583E4-55BE-4E73-83FC-F6CFCDD70223}"
EndProject
Global
	GlobalSection(SolutionConfigurationPlatforms) = preSolution
		Debug|Any CPU = Debug|Any CPU
		Release|Any CPU = Release|Any CPU
	EndGlobalSection
	GlobalSection(ProjectConfigurationPlatforms) = postSolution
		{09A583E4-55BE-4E73-83FC-F6CFCDD70223}.Debug|Any CPU.ActiveCfg = Debug|Any CPU
		{09A583E4-55BE-4E73-83FC-F6CFCDD70223}.Debug|Any CPU.Build.0 = Debug|Any CPU
		{09A583E4-55BE-4E73-83FC-F6CFCDD70223}.Release|Any CPU.ActiveCfg = Release|Any CPU
		{09A583E4-55BE-4E73-83FC-F6CFCDD70223}.Release|Any CPU.Build.0 = Release|Any CPU
	EndGlobalSection
	GlobalSection(SolutionProperties) = preSolution
		HideSolutionNode = FALSE
	EndGlobalSection
	GlobalSection(ExtensibilityGlobals) = postSolution
		SolutionGuid = {243CB246-9F5B-4D2B-8A1E-89AB03D1B85F}
	EndGlobalSection
EndGlobal
