
Microsoft Visual Studio Solution File, Format Version 12.00
# Visual Studio Version 17
VisualStudioVersion = 17.0.31903.59
MinimumVisualStudioVersion = 10.0.40219.1
Project("{9A19103F-16F7-4668-BE54-9A1E7A4F7556}") = "BFF.Mobile", "BFF.Mobile\BFF.Mobile.csproj", "{3559C4A3-9885-4097-972A-3555FA5A5B56}"
EndProject
Project("{2150E333-8FDC-42A3-9474-1A3956D46DE8}") = "Microservices", "Microservices", "{B62173A0-8C4F-4F39-B0BB-596C381DC4FF}"
EndProject
Project("{9A19103F-16F7-4668-BE54-9A1E7A4F7556}") = "OrderProcessing.Customer", "OrderProcessing.Customer\OrderProcessing.Customer.csproj", "{BD5EECF4-8AF4-4F61-8D3C-8DF1A05FD70C}"
EndProject
Project("{9A19103F-16F7-4668-BE54-9A1E7A4F7556}") = "OrderProcessing.Product", "OrderProcessing.Product\OrderProcessing.Product.csproj", "{E3890232-EFA7-4E37-AAFD-A3C890AFCEB0}"
EndProject
Project("{FAE04EC0-301F-11D3-BF4B-00C04F79EFBC}") = "BFF.Web", "BFF.Web\BFF.Web.csproj", "{7854A3F5-A194-4D50-BAB6-AEAB9002A33B}"
EndProject
Global
	GlobalSection(SolutionConfigurationPlatforms) = preSolution
		Debug|Any CPU = Debug|Any CPU
		Release|Any CPU = Release|Any CPU
	EndGlobalSection
	GlobalSection(ProjectConfigurationPlatforms) = postSolution
		{3559C4A3-9885-4097-972A-3555FA5A5B56}.Debug|Any CPU.ActiveCfg = Debug|Any CPU
		{3559C4A3-9885-4097-972A-3555FA5A5B56}.Debug|Any CPU.Build.0 = Debug|Any CPU
		{3559C4A3-9885-4097-972A-3555FA5A5B56}.Release|Any CPU.ActiveCfg = Release|Any CPU
		{3559C4A3-9885-4097-972A-3555FA5A5B56}.Release|Any CPU.Build.0 = Release|Any CPU
		{BD5EECF4-8AF4-4F61-8D3C-8DF1A05FD70C}.Debug|Any CPU.ActiveCfg = Debug|Any CPU
		{BD5EECF4-8AF4-4F61-8D3C-8DF1A05FD70C}.Debug|Any CPU.Build.0 = Debug|Any CPU
		{BD5EECF4-8AF4-4F61-8D3C-8DF1A05FD70C}.Release|Any CPU.ActiveCfg = Release|Any CPU
		{BD5EECF4-8AF4-4F61-8D3C-8DF1A05FD70C}.Release|Any CPU.Build.0 = Release|Any CPU
		{E3890232-EFA7-4E37-AAFD-A3C890AFCEB0}.Debug|Any CPU.ActiveCfg = Debug|Any CPU
		{E3890232-EFA7-4E37-AAFD-A3C890AFCEB0}.Debug|Any CPU.Build.0 = Debug|Any CPU
		{E3890232-EFA7-4E37-AAFD-A3C890AFCEB0}.Release|Any CPU.ActiveCfg = Release|Any CPU
		{E3890232-EFA7-4E37-AAFD-A3C890AFCEB0}.Release|Any CPU.Build.0 = Release|Any CPU
		{7854A3F5-A194-4D50-BAB6-AEAB9002A33B}.Debug|Any CPU.ActiveCfg = Debug|Any CPU
		{7854A3F5-A194-4D50-BAB6-AEAB9002A33B}.Debug|Any CPU.Build.0 = Debug|Any CPU
		{7854A3F5-A194-4D50-BAB6-AEAB9002A33B}.Release|Any CPU.ActiveCfg = Release|Any CPU
		{7854A3F5-A194-4D50-BAB6-AEAB9002A33B}.Release|Any CPU.Build.0 = Release|Any CPU
	EndGlobalSection
	GlobalSection(SolutionProperties) = preSolution
		HideSolutionNode = FALSE
	EndGlobalSection
	GlobalSection(NestedProjects) = preSolution
		{BD5EECF4-8AF4-4F61-8D3C-8DF1A05FD70C} = {B62173A0-8C4F-4F39-B0BB-596C381DC4FF}
		{E3890232-EFA7-4E37-AAFD-A3C890AFCEB0} = {B62173A0-8C4F-4F39-B0BB-596C381DC4FF}
	EndGlobalSection
	GlobalSection(ExtensibilityGlobals) = postSolution
		SolutionGuid = {8A6C694D-187E-41F4-939C-1352CF09A143}
	EndGlobalSection
EndGlobal
