
Microsoft Visual Studio Solution File, Format Version 12.00
# Visual Studio Version 17
VisualStudioVersion = 17.0.31903.59
MinimumVisualStudioVersion = 10.0.40219.1
Project("{9A19103F-16F7-4668-BE54-9A1E7A4F7556}") = "RazorPizzeria", "RazorPizzeria.csproj", "{6899F22D-9F50-4E98-9C21-3098E31EAC60}"
EndProject
Global
	GlobalSection(SolutionConfigurationPlatforms) = preSolution
		Debug|Any CPU = Debug|Any CPU
		Release|Any CPU = Release|Any CPU
	EndGlobalSection
	GlobalSection(ProjectConfigurationPlatforms) = postSolution
		{6899F22D-9F50-4E98-9C21-3098E31EAC60}.Debug|Any CPU.ActiveCfg = Debug|Any CPU
		{6899F22D-9F50-4E98-9C21-3098E31EAC60}.Debug|Any CPU.Build.0 = Debug|Any CPU
		{6899F22D-9F50-4E98-9C21-3098E31EAC60}.Release|Any CPU.ActiveCfg = Release|Any CPU
		{6899F22D-9F50-4E98-9C21-3098E31EAC60}.Release|Any CPU.Build.0 = Release|Any CPU
	EndGlobalSection
	GlobalSection(SolutionProperties) = preSolution
		HideSolutionNode = FALSE
	EndGlobalSection
	GlobalSection(ExtensibilityGlobals) = postSolution
		SolutionGuid = {FD3CF926-A5FF-43D3-8FBC-981EA072BB05}
	EndGlobalSection
EndGlobal
