{
  "name": "angular-js-mariobot",
  "version": "1.0.0",
  "lockfileVersion": 1,
  "requires": true,
  "dependencies": {
    "angular": {
      "version": "1.8.2",
      "resolved": "https://registry.npmjs.org/angular/-/angular-1.8.2.tgz",
      "integrity": "sha512-IauMOej2xEe7/7Ennahkbb5qd/HFADiNuLSESz9Q27inmi32zB0lnAsFeLEWcox3Gd1F6YhNd1CP7/9IukJ0Gw=="
    },
    "angular-local-storage": {
      "version": "0.7.1",
      "resolved": "https://registry.npmjs.org/angular-local-storage/-/angular-local-storage-0.7.1.tgz",
      "integrity": "sha1-+9JzB2PCn6mvVyXgGGx4BiHozdI="
    },
    "angular-route": {
      "version": "1.8.2",
      "resolved": "https://registry.npmjs.org/angular-route/-/angular-route-1.8.2.tgz",
      "integrity": "sha512-49LJYxuaQ/ZDiu9dD2xo1LkazqObkGjw0a7dUF7UKCT8EELgBsMd6QrI6aEVGtI62ppkiFkxqmiV8fcwYdXpug=="
    },
    "jquery": {
      "version": "3.6.0",
      "resolved": "https://registry.npmjs.org/jquery/-/jquery-3.6.0.tgz",
      "integrity": "sha512-JVzAR/AjBvVt2BmYhxRCSYysDsPcssdmTFnzyLEts9qNwmjmu4JTAMYubEfwVOSwpQ1I1sKKFcxhZCI2buerfw=="
    },
    "jquery-ui-dist": {
      "version": "1.13.1",
      "resolved": "https://registry.npmjs.org/jquery-ui-dist/-/jquery-ui-dist-1.13.1.tgz",
      "integrity": "sha512-Y711Pu4BRVrAlL58KSxX4ail74jaCJZaZcdNDLava+MgZeNwmVWmyYiK7KxyoJu1MB73eSunjJvYDbOuNrOA7w==",
      "requires": {
        "jquery": ">=1.8.0 <4.0.0"
      }
    }
  }
}
