{
  "name": "angular-js-mariobot",
  "version": "1.0.0",
  "lockfileVersion": 3,
  "requires": true,
  "packages": {
    "": {
      "name": "angular-js-mariobot",
      "version": "1.0.0",
      "license": "ISC",
      "dependencies": {
        "angular": "^1.8.2",
        "angular-local-storage": "^0.7.1",
        "angular-resource": "^1.8.3",
        "angular-route": "^1.8.2",
        "jquery": "^3.6.0",
        "jquery-ui-dist": "^1.13.1",
        "official-lumx": "^1.9.12"
      },
      "devDependencies": {}
    },
    "node_modules/@mdi/font": {
      "version": "4.9.95",
      "resolved": "https://registry.npmjs.org/@mdi/font/-/font-4.9.95.tgz",
      "integrity": "sha512-m2sbAs+SMwRnWpkMriBxEulwuhmqRyh6X+hdOZlqSxYZUM2C2TaDnQ4gcilzdoAgru2XYnWViZ/xPuSDGgRXVw=="
    },
    "node_modules/angular": {
      "version": "1.8.2",
      "resolved": "https://registry.npmjs.org/angular/-/angular-1.8.2.tgz",
      "integrity": "sha512-IauMOej2xEe7/7Ennahkbb5qd/HFADiNuLSESz9Q27inmi32zB0lnAsFeLEWcox3Gd1F6YhNd1CP7/9IukJ0Gw==",
      "license": "MIT"
    },
    "node_modules/angular-local-storage": {
      "version": "0.7.1",
      "resolved": "https://registry.npmjs.org/angular-local-storage/-/angular-local-storage-0.7.1.tgz",
      "integrity": "sha1-+9JzB2PCn6mvVyXgGGx4BiHozdI=",
      "license": "MIT"
    },
    "node_modules/angular-resource": {
      "version": "1.8.3",
      "resolved": "https://registry.npmjs.org/angular-resource/-/angular-resource-1.8.3.tgz",
      "integrity": "sha512-x3+4w2SyIDEIe6PUBTzcjDFI5MhZNWAPELUxkYK0QMOkOo4w3BN/qhpd+fO1deFiDS23mZKqT8kfctO1IDkCDA==",
      "deprecated": "For the actively supported Angular, see https://www.npmjs.com/package/@angular/core. AngularJS support has officially ended. For extended AngularJS support options, see https://goo.gle/angularjs-path-forward.",
      "license": "MIT"
    },
    "node_modules/angular-route": {
      "version": "1.8.2",
      "resolved": "https://registry.npmjs.org/angular-route/-/angular-route-1.8.2.tgz",
      "integrity": "sha512-49LJYxuaQ/ZDiu9dD2xo1LkazqObkGjw0a7dUF7UKCT8EELgBsMd6QrI6aEVGtI62ppkiFkxqmiV8fcwYdXpug==",
      "license": "MIT"
    },
    "node_modules/bourbon": {
      "version": "4.2.7",
      "resolved": "https://registry.npmjs.org/bourbon/-/bourbon-4.2.7.tgz",
      "integrity": "sha1-SKgF3/R1+/YeACpk4eTbaNL4L7o=",
      "license": "MIT"
    },
    "node_modules/jquery": {
      "version": "3.6.0",
      "resolved": "https://registry.npmjs.org/jquery/-/jquery-3.6.0.tgz",
      "integrity": "sha512-JVzAR/AjBvVt2BmYhxRCSYysDsPcssdmTFnzyLEts9qNwmjmu4JTAMYubEfwVOSwpQ1I1sKKFcxhZCI2buerfw==",
      "license": "MIT"
    },
    "node_modules/jquery-ui-dist": {
      "version": "1.13.1",
      "resolved": "https://registry.npmjs.org/jquery-ui-dist/-/jquery-ui-dist-1.13.1.tgz",
      "integrity": "sha512-Y711Pu4BRVrAlL58KSxX4ail74jaCJZaZcdNDLava+MgZeNwmVWmyYiK7KxyoJu1MB73eSunjJvYDbOuNrOA7w==",
      "license": "MIT",
      "dependencies": {
        "jquery": ">=1.8.0 <4.0.0"
      }
    },
    "node_modules/moment": {
      "version": "2.29.4",
      "resolved": "https://registry.npmjs.org/moment/-/moment-2.29.4.tgz",
      "integrity": "sha512-5LC9SOxjSc2HF6vO2CyuTDNivEdoz2IvyJJGj6X8DJ0eFyfszE0QiEd+iXmBvUP3WHxSjFH/vIsA0EN00cgr8w==",
      "license": "MIT",
      "engines": {
        "node": "*"
      }
    },
    "node_modules/official-lumx": {
      "version": "1.9.12",
      "resolved": "https://registry.npmjs.org/official-lumx/-/official-lumx-1.9.12.tgz",
      "integrity": "sha512-KTzeBdVyFsmqCc2bMNoj7mAFUPOrdeAYEF+1H090RWsB8B5L7NNjtXKkQ2BVQgK7zvvCY2GcaSQcPzuQZ2mbVQ==",
      "license": "MIT",
      "dependencies": {
        "@mdi/font": "^4.4.95",
        "angular": "^1.5.11",
        "bourbon": "~4.2.7",
        "jquery": "latest",
        "moment": "latest",
        "sass-mq": "^3.3.2",
        "velocity-animate": "latest"
      },
      "engines": {
        "node": ">4.0.0",
        "npm": ">3"
      }
    },
    "node_modules/official-lumx/node_modules/jquery": {
      "version": "3.6.0",
      "resolved": "https://registry.npmjs.org/jquery/-/jquery-3.6.0.tgz",
      "integrity": "sha512-JVzAR/AjBvVt2BmYhxRCSYysDsPcssdmTFnzyLEts9qNwmjmu4JTAMYubEfwVOSwpQ1I1sKKFcxhZCI2buerfw==",
      "license": "MIT"
    },
    "node_modules/sass-mq": {
      "version": "3.3.2",
      "resolved": "https://registry.npmjs.org/sass-mq/-/sass-mq-3.3.2.tgz",
      "integrity": "sha1-NHLgTDGkMrzVWztgTtxyrppN7xo=",
      "license": "MIT"
    },
    "node_modules/velocity-animate": {
      "version": "1.5.2",
      "resolved": "https://registry.npmjs.org/velocity-animate/-/velocity-animate-1.5.2.tgz",
      "integrity": "sha512-m6EXlCAMetKztO1ppBhGU1/1MR3IiEevO6ESq6rcrSQ3Q77xYSW13jkfXW88o4xMrkXJhy/U7j4wFR/twMB0Eg==",
      "license": "MIT"
    }
  }
}
