{
  "name": "angular-js-mariobot",
  "version": "1.0.0",
  "lockfileVersion": 1,
  "requires": true,
  "dependencies": {
    "@mdi/font": {
      "version": "4.9.95",
      "resolved": "https://registry.npmjs.org/@mdi/font/-/font-4.9.95.tgz",
      "integrity": "sha512-m2sbAs+SMwRnWpkMriBxEulwuhmqRyh6X+hdOZlqSxYZUM2C2TaDnQ4gcilzdoAgru2XYnWViZ/xPuSDGgRXVw=="
    },
    "angular": {
      "version": "1.8.2",
      "resolved": "https://registry.npmjs.org/angular/-/angular-1.8.2.tgz",
      "integrity": "sha512-IauMOej2xEe7/7Ennahkbb5qd/HFADiNuLSESz9Q27inmi32zB0lnAsFeLEWcox3Gd1F6YhNd1CP7/9IukJ0Gw=="
    },
    "angular-local-storage": {
      "version": "0.7.1",
      "resolved": "https://registry.npmjs.org/angular-local-storage/-/angular-local-storage-0.7.1.tgz",
      "integrity": "sha1-+9JzB2PCn6mvVyXgGGx4BiHozdI="
    },
    "angular-route": {
      "version": "1.8.2",
      "resolved": "https://registry.npmjs.org/angular-route/-/angular-route-1.8.2.tgz",
      "integrity": "sha512-49LJYxuaQ/ZDiu9dD2xo1LkazqObkGjw0a7dUF7UKCT8EELgBsMd6QrI6aEVGtI62ppkiFkxqmiV8fcwYdXpug=="
    },
    "bourbon": {
      "version": "4.2.7",
      "resolved": "https://registry.npmjs.org/bourbon/-/bourbon-4.2.7.tgz",
      "integrity": "sha1-SKgF3/R1+/YeACpk4eTbaNL4L7o="
    },
    "jquery": {
      "version": "3.6.0",
      "resolved": "https://registry.npmjs.org/jquery/-/jquery-3.6.0.tgz",
      "integrity": "sha512-JVzAR/AjBvVt2BmYhxRCSYysDsPcssdmTFnzyLEts9qNwmjmu4JTAMYubEfwVOSwpQ1I1sKKFcxhZCI2buerfw=="
    },
    "jquery-ui-dist": {
      "version": "1.13.1",
      "resolved": "https://registry.npmjs.org/jquery-ui-dist/-/jquery-ui-dist-1.13.1.tgz",
      "integrity": "sha512-Y711Pu4BRVrAlL58KSxX4ail74jaCJZaZcdNDLava+MgZeNwmVWmyYiK7KxyoJu1MB73eSunjJvYDbOuNrOA7w==",
      "requires": {
        "jquery": ">=1.8.0 <4.0.0"
      }
    },
    "moment": {
      "version": "2.29.2",
      "resolved": "https://registry.npmjs.org/moment/-/moment-2.29.2.tgz",
      "integrity": "sha512-UgzG4rvxYpN15jgCmVJwac49h9ly9NurikMWGPdVxm8GZD6XjkKPxDTjQQ43gtGgnV3X0cAyWDdP2Wexoquifg=="
    },
    "official-lumx": {
      "version": "1.9.12",
      "resolved": "https://registry.npmjs.org/official-lumx/-/official-lumx-1.9.12.tgz",
      "integrity": "sha512-KTzeBdVyFsmqCc2bMNoj7mAFUPOrdeAYEF+1H090RWsB8B5L7NNjtXKkQ2BVQgK7zvvCY2GcaSQcPzuQZ2mbVQ==",
      "requires": {
        "@mdi/font": "^4.4.95",
        "angular": "^1.5.11",
        "bourbon": "~4.2.7",
        "jquery": "^3.6.0",
        "moment": "^2.29.2",
        "sass-mq": "^3.3.2",
        "velocity-animate": "^1.5.2"
      },
      "dependencies": {
        "jquery": {
          "version": "3.6.0",
          "resolved": "https://registry.npmjs.org/jquery/-/jquery-3.6.0.tgz",
          "integrity": "sha512-JVzAR/AjBvVt2BmYhxRCSYysDsPcssdmTFnzyLEts9qNwmjmu4JTAMYubEfwVOSwpQ1I1sKKFcxhZCI2buerfw=="
        }
      }
    },
    "sass-mq": {
      "version": "3.3.2",
      "resolved": "https://registry.npmjs.org/sass-mq/-/sass-mq-3.3.2.tgz",
      "integrity": "sha1-NHLgTDGkMrzVWztgTtxyrppN7xo="
    },
    "velocity-animate": {
      "version": "1.5.2",
      "resolved": "https://registry.npmjs.org/velocity-animate/-/velocity-animate-1.5.2.tgz",
      "integrity": "sha512-m6EXlCAMetKztO1ppBhGU1/1MR3IiEevO6ESq6rcrSQ3Q77xYSW13jkfXW88o4xMrkXJhy/U7j4wFR/twMB0Eg=="
    }
  }
}
