
Microsoft Visual Studio Solution File, Format Version 12.00
# Visual Studio Version 17
VisualStudioVersion = 17.4.33205.214
MinimumVisualStudioVersion = 10.0.40219.1
Project("{FAE04EC0-301F-11D3-BF4B-00C04F79EFBC}") = "JwtWebApi", "JwtWebApi.csproj", "{665DEE4B-8A36-4FC3-8E93-75AB3BD35C0C}"
EndProject
Global
	GlobalSection(SolutionConfigurationPlatforms) = preSolution
		Debug|Any CPU = Debug|Any CPU
		Release|Any CPU = Release|Any CPU
	EndGlobalSection
	GlobalSection(ProjectConfigurationPlatforms) = postSolution
		{665DEE4B-8A36-4FC3-8E93-75AB3BD35C0C}.Debug|Any CPU.ActiveCfg = Debug|Any CPU
		{665DEE4B-8A36-4FC3-8E93-75AB3BD35C0C}.Debug|Any CPU.Build.0 = Debug|Any CPU
		{665DEE4B-8A36-4FC3-8E93-75AB3BD35C0C}.Release|Any CPU.ActiveCfg = Release|Any CPU
		{665DEE4B-8A36-4FC3-8E93-75AB3BD35C0C}.Release|Any CPU.Build.0 = Release|Any CPU
	EndGlobalSection
	GlobalSection(SolutionProperties) = preSolution
		HideSolutionNode = FALSE
	EndGlobalSection
	GlobalSection(ExtensibilityGlobals) = postSolution
		SolutionGuid = {051A34CA-F5B7-4DA9-8C53-5B4EF55CC820}
	EndGlobalSection
EndGlobal
