
Microsoft Visual Studio Solution File, Format Version 12.00
# Visual Studio Version 17
VisualStudioVersion = 17.7.34009.444
MinimumVisualStudioVersion = 10.0.40219.1
Project("{9A19103F-16F7-4668-BE54-9A1E7A4F7556}") = "SimpleVideoGameLibrary.Server", "Server\SimpleVideoGameLibrary.Server.csproj", "{208BED85-0ED2-4E05-A2F0-3B82BD7F015C}"
EndProject
Project("{9A19103F-16F7-4668-BE54-9A1E7A4F7556}") = "SimpleVideoGameLibrary.Client", "Client\SimpleVideoGameLibrary.Client.csproj", "{DC5F7DB0-7856-4ADB-BEC6-5F157571411E}"
EndProject
Project("{9A19103F-16F7-4668-BE54-9A1E7A4F7556}") = "SimpleVideoGameLibrary.Shared", "Shared\SimpleVideoGameLibrary.Shared.csproj", "{D778E293-7286-4AFC-974A-DCBE7CEB2E70}"
EndProject
Global
	GlobalSection(SolutionConfigurationPlatforms) = preSolution
		Debug|Any CPU = Debug|Any CPU
		Release|Any CPU = Release|Any CPU
	EndGlobalSection
	GlobalSection(ProjectConfigurationPlatforms) = postSolution
		{208BED85-0ED2-4E05-A2F0-3B82BD7F015C}.Debug|Any CPU.ActiveCfg = Debug|Any CPU
		{208BED85-0ED2-4E05-A2F0-3B82BD7F015C}.Debug|Any CPU.Build.0 = Debug|Any CPU
		{208BED85-0ED2-4E05-A2F0-3B82BD7F015C}.Release|Any CPU.ActiveCfg = Release|Any CPU
		{208BED85-0ED2-4E05-A2F0-3B82BD7F015C}.Release|Any CPU.Build.0 = Release|Any CPU
		{DC5F7DB0-7856-4ADB-BEC6-5F157571411E}.Debug|Any CPU.ActiveCfg = Debug|Any CPU
		{DC5F7DB0-7856-4ADB-BEC6-5F157571411E}.Debug|Any CPU.Build.0 = Debug|Any CPU
		{DC5F7DB0-7856-4ADB-BEC6-5F157571411E}.Release|Any CPU.ActiveCfg = Release|Any CPU
		{DC5F7DB0-7856-4ADB-BEC6-5F157571411E}.Release|Any CPU.Build.0 = Release|Any CPU
		{D778E293-7286-4AFC-974A-DCBE7CEB2E70}.Debug|Any CPU.ActiveCfg = Debug|Any CPU
		{D778E293-7286-4AFC-974A-DCBE7CEB2E70}.Debug|Any CPU.Build.0 = Debug|Any CPU
		{D778E293-7286-4AFC-974A-DCBE7CEB2E70}.Release|Any CPU.ActiveCfg = Release|Any CPU
		{D778E293-7286-4AFC-974A-DCBE7CEB2E70}.Release|Any CPU.Build.0 = Release|Any CPU
	EndGlobalSection
	GlobalSection(SolutionProperties) = preSolution
		HideSolutionNode = FALSE
	EndGlobalSection
	GlobalSection(ExtensibilityGlobals) = postSolution
		SolutionGuid = {7A5258F7-77D7-4760-B84A-2050EFBCEDA7}
	EndGlobalSection
EndGlobal
