
Microsoft Visual Studio Solution File, Format Version 12.00
# Visual Studio Version 17
VisualStudioVersion = 17.4.33205.214
MinimumVisualStudioVersion = 10.0.40219.1
Project("{9A19103F-16F7-4668-BE54-9A1E7A4F7556}") = "VerifyEmail", "VerifyEmail.csproj", "{90D1201D-4818-4393-87DF-093256225B20}"
EndProject
Global
	GlobalSection(SolutionConfigurationPlatforms) = preSolution
		Debug|Any CPU = Debug|Any CPU
		Release|Any CPU = Release|Any CPU
	EndGlobalSection
	GlobalSection(ProjectConfigurationPlatforms) = postSolution
		{90D1201D-4818-4393-87DF-093256225B20}.Debug|Any CPU.ActiveCfg = Debug|Any CPU
		{90D1201D-4818-4393-87DF-093256225B20}.Debug|Any CPU.Build.0 = Debug|Any CPU
		{90D1201D-4818-4393-87DF-093256225B20}.Release|Any CPU.ActiveCfg = Release|Any CPU
		{90D1201D-4818-4393-87DF-093256225B20}.Release|Any CPU.Build.0 = Release|Any CPU
	EndGlobalSection
	GlobalSection(SolutionProperties) = preSolution
		HideSolutionNode = FALSE
	EndGlobalSection
	GlobalSection(ExtensibilityGlobals) = postSolution
		SolutionGuid = {D34BCF0F-8D6B-4CED-ADC6-638D33B87E28}
	EndGlobalSection
EndGlobal
