
Microsoft Visual Studio Solution File, Format Version 12.00
# Visual Studio Version 17
VisualStudioVersion = 17.0.31903.59
MinimumVisualStudioVersion = 10.0.40219.1
Project("{FAE04EC0-301F-11D3-BF4B-00C04F79EFBC}") = "BlazorBeat", "BlazorBeat\BlazorBeat.csproj", "{02FF3117-E798-4A62-A7CF-EE004E1B91B9}"
EndProject
Global
	GlobalSection(SolutionConfigurationPlatforms) = preSolution
		Debug|Any CPU = Debug|Any CPU
		Release|Any CPU = Release|Any CPU
	EndGlobalSection
	GlobalSection(ProjectConfigurationPlatforms) = postSolution
		{02FF3117-E798-4A62-A7CF-EE004E1B91B9}.Debug|Any CPU.ActiveCfg = Debug|Any CPU
		{02FF3117-E798-4A62-A7CF-EE004E1B91B9}.Debug|Any CPU.Build.0 = Debug|Any CPU
		{02FF3117-E798-4A62-A7CF-EE004E1B91B9}.Release|Any CPU.ActiveCfg = Release|Any CPU
		{02FF3117-E798-4A62-A7CF-EE004E1B91B9}.Release|Any CPU.Build.0 = Release|Any CPU
	EndGlobalSection
	GlobalSection(SolutionProperties) = preSolution
		HideSolutionNode = FALSE
	EndGlobalSection
	GlobalSection(ExtensibilityGlobals) = postSolution
		SolutionGuid = {B2A7EDDD-5344-4C51-A77D-305CF38225B4}
	EndGlobalSection
EndGlobal
